// !$*UTF8*$!
{
	archiveVersion = 1;
	classes = {
	};
	objectVersion = 52;
	objects = {

/* Begin PBXBuildFile section */
		0A4EBE59CB2544D45B12A1B5 /* Pods_ChuckleTests.framework in Frameworks */ = {isa = PBXBuildFile; fileRef = 75F2ABE4F38AFFF2B6370AEB /* Pods_ChuckleTests.framework */; };
		404E5FF44780F97225A36C33 /* Pods_Chuckle.framework in Frameworks */ = {isa = PBXBuildFile; fileRef = 8DA9C840FE24C4A62C251721 /* Pods_Chuckle.framework */; };
		4852ED795C2A38D7036AF0B4 /* Pods_Chuckle_ChuckleUITests.framework in Frameworks */ = {isa = PBXBuildFile; fileRef = 6E6498D38FDC429BBD3ADBF3 /* Pods_Chuckle_ChuckleUITests.framework */; };
		61429088253F28B7000FD9D5 /* AppDelegate.swift in Sources */ = {isa = PBXBuildFile; fileRef = 61429087253F28B7000FD9D5 /* AppDelegate.swift */; };
		6142908A253F28B7000FD9D5 /* SceneDelegate.swift in Sources */ = {isa = PBXBuildFile; fileRef = 61429089253F28B7000FD9D5 /* SceneDelegate.swift */; };
		6142908C253F28B7000FD9D5 /* ViewController.swift in Sources */ = {isa = PBXBuildFile; fileRef = 6142908B253F28B7000FD9D5 /* ViewController.swift */; };
		6142908F253F28B7000FD9D5 /* Main.storyboard in Resources */ = {isa = PBXBuildFile; fileRef = 6142908D253F28B7000FD9D5 /* Main.storyboard */; };
		61429091253F28BE000FD9D5 /* Assets.xcassets in Resources */ = {isa = PBXBuildFile; fileRef = 61429090253F28BE000FD9D5 /* Assets.xcassets */; };
		61429094253F28BE000FD9D5 /* LaunchScreen.storyboard in Resources */ = {isa = PBXBuildFile; fileRef = 61429092253F28BE000FD9D5 /* LaunchScreen.storyboard */; };
		6142909F253F28BE000FD9D5 /* APIEngineTests.swift in Sources */ = {isa = PBXBuildFile; fileRef = 6142909E253F28BE000FD9D5 /* APIEngineTests.swift */; };
		614290CB253F29E3000FD9D5 /* APIEngine.swift in Sources */ = {isa = PBXBuildFile; fileRef = 614290CA253F29E3000FD9D5 /* APIEngine.swift */; };
		614290E7253F2F85000FD9D5 /* JSONParser.swift in Sources */ = {isa = PBXBuildFile; fileRef = 614290E6253F2F85000FD9D5 /* JSONParser.swift */; };
		6142910B253F3619000FD9D5 /* ViewModel.swift in Sources */ = {isa = PBXBuildFile; fileRef = 6142910A253F3619000FD9D5 /* ViewModel.swift */; };
		619DB21D254187210007DEE3 /* JSONParserTests.swift in Sources */ = {isa = PBXBuildFile; fileRef = 619DB21C254187210007DEE3 /* JSONParserTests.swift */; };
		619DB2252541947D0007DEE3 /* CustomUILabel.swift in Sources */ = {isa = PBXBuildFile; fileRef = 619DB2242541947D0007DEE3 /* CustomUILabel.swift */; };
		61F5ED02254061E0002D8CED /* JokeCollectionViewCell.swift in Sources */ = {isa = PBXBuildFile; fileRef = 61F5ECEC25405C80002D8CED /* JokeCollectionViewCell.swift */; };
		61F5ED0825408131002D8CED /* Bangers-Regular.ttf in Resources */ = {isa = PBXBuildFile; fileRef = 61F5ED0725408131002D8CED /* Bangers-Regular.ttf */; };
		61F5ED1525408266002D8CED /* PermanentMarker-Regular.ttf in Resources */ = {isa = PBXBuildFile; fileRef = 61F5ED1425408266002D8CED /* PermanentMarker-Regular.ttf */; };
		61F5ED1B2540956A002D8CED /* HTMLString in Frameworks */ = {isa = PBXBuildFile; productRef = 61F5ED1A2540956A002D8CED /* HTMLString */; };
		61F5ED2125409936002D8CED /* Chop.m4a in Resources */ = {isa = PBXBuildFile; fileRef = 61F5ED2025409936002D8CED /* Chop.m4a */; };
		61F5ED2625409957002D8CED /* SoundEngine.swift in Sources */ = {isa = PBXBuildFile; fileRef = 61F5ED2525409957002D8CED /* SoundEngine.swift */; };
/* End PBXBuildFile section */

/* Begin PBXContainerItemProxy section */
		6142909B253F28BE000FD9D5 /* PBXContainerItemProxy */ = {
			isa = PBXContainerItemProxy;
			containerPortal = 6142907C253F28B7000FD9D5 /* Project object */;
			proxyType = 1;
			remoteGlobalIDString = 61429083253F28B7000FD9D5;
			remoteInfo = Chuckle;
		};
		614290A6253F28BE000FD9D5 /* PBXContainerItemProxy */ = {
			isa = PBXContainerItemProxy;
			containerPortal = 6142907C253F28B7000FD9D5 /* Project object */;
			proxyType = 1;
			remoteGlobalIDString = 61429083253F28B7000FD9D5;
			remoteInfo = Chuckle;
		};
/* End PBXContainerItemProxy section */

/* Begin PBXFileReference section */
		20301F315ECAE02F9C0AE571 /* Pods-Chuckle.debug.xcconfig */ = {isa = PBXFileReference; includeInIndex = 1; lastKnownFileType = text.xcconfig; name = "Pods-Chuckle.debug.xcconfig"; path = "Target Support Files/Pods-Chuckle/Pods-Chuckle.debug.xcconfig"; sourceTree = "<group>"; };
		35294F2B132002F28A7D8EBC /* Pods-Chuckle-ChuckleUITests.release.xcconfig */ = {isa = PBXFileReference; includeInIndex = 1; lastKnownFileType = text.xcconfig; name = "Pods-Chuckle-ChuckleUITests.release.xcconfig"; path = "Target Support Files/Pods-Chuckle-ChuckleUITests/Pods-Chuckle-ChuckleUITests.release.xcconfig"; sourceTree = "<group>"; };
		61429084253F28B7000FD9D5 /* Chuckle.app */ = {isa = PBXFileReference; explicitFileType = wrapper.application; includeInIndex = 0; path = Chuckle.app; sourceTree = BUILT_PRODUCTS_DIR; };
		61429087253F28B7000FD9D5 /* AppDelegate.swift */ = {isa = PBXFileReference; lastKnownFileType = sourcecode.swift; path = AppDelegate.swift; sourceTree = "<group>"; };
		61429089253F28B7000FD9D5 /* SceneDelegate.swift */ = {isa = PBXFileReference; lastKnownFileType = sourcecode.swift; path = SceneDelegate.swift; sourceTree = "<group>"; };
		6142908B253F28B7000FD9D5 /* ViewController.swift */ = {isa = PBXFileReference; lastKnownFileType = sourcecode.swift; path = ViewController.swift; sourceTree = "<group>"; };
		6142908E253F28B7000FD9D5 /* Base */ = {isa = PBXFileReference; lastKnownFileType = file.storyboard; name = Base; path = Base.lproj/Main.storyboard; sourceTree = "<group>"; };
		61429090253F28BE000FD9D5 /* Assets.xcassets */ = {isa = PBXFileReference; lastKnownFileType = folder.assetcatalog; path = Assets.xcassets; sourceTree = "<group>"; };
		61429093253F28BE000FD9D5 /* Base */ = {isa = PBXFileReference; lastKnownFileType = file.storyboard; name = Base; path = Base.lproj/LaunchScreen.storyboard; sourceTree = "<group>"; };
		61429095253F28BE000FD9D5 /* Info.plist */ = {isa = PBXFileReference; lastKnownFileType = text.plist.xml; path = Info.plist; sourceTree = "<group>"; };
		6142909A253F28BE000FD9D5 /* ChuckleTests.xctest */ = {isa = PBXFileReference; explicitFileType = wrapper.cfbundle; includeInIndex = 0; path = ChuckleTests.xctest; sourceTree = BUILT_PRODUCTS_DIR; };
		6142909E253F28BE000FD9D5 /* APIEngineTests.swift */ = {isa = PBXFileReference; lastKnownFileType = sourcecode.swift; path = APIEngineTests.swift; sourceTree = "<group>"; };
		614290A0253F28BE000FD9D5 /* Info.plist */ = {isa = PBXFileReference; lastKnownFileType = text.plist.xml; path = Info.plist; sourceTree = "<group>"; };
		614290A5253F28BE000FD9D5 /* ChuckleUITests.xctest */ = {isa = PBXFileReference; explicitFileType = wrapper.cfbundle; includeInIndex = 0; path = ChuckleUITests.xctest; sourceTree = BUILT_PRODUCTS_DIR; };
		614290CA253F29E3000FD9D5 /* APIEngine.swift */ = {isa = PBXFileReference; lastKnownFileType = sourcecode.swift; path = APIEngine.swift; sourceTree = "<group>"; };
		614290E6253F2F85000FD9D5 /* JSONParser.swift */ = {isa = PBXFileReference; lastKnownFileType = sourcecode.swift; path = JSONParser.swift; sourceTree = "<group>"; };
		6142910A253F3619000FD9D5 /* ViewModel.swift */ = {isa = PBXFileReference; lastKnownFileType = sourcecode.swift; path = ViewModel.swift; sourceTree = "<group>"; };
		619DB21C254187210007DEE3 /* JSONParserTests.swift */ = {isa = PBXFileReference; lastKnownFileType = sourcecode.swift; path = JSONParserTests.swift; sourceTree = "<group>"; };
		619DB2242541947D0007DEE3 /* CustomUILabel.swift */ = {isa = PBXFileReference; lastKnownFileType = sourcecode.swift; path = CustomUILabel.swift; sourceTree = "<group>"; };
		61F5ECEC25405C80002D8CED /* JokeCollectionViewCell.swift */ = {isa = PBXFileReference; lastKnownFileType = sourcecode.swift; path = JokeCollectionViewCell.swift; sourceTree = "<group>"; };
		61F5ED0725408131002D8CED /* Bangers-Regular.ttf */ = {isa = PBXFileReference; lastKnownFileType = file; path = "Bangers-Regular.ttf"; sourceTree = "<group>"; };
		61F5ED1425408266002D8CED /* PermanentMarker-Regular.ttf */ = {isa = PBXFileReference; lastKnownFileType = file; path = "PermanentMarker-Regular.ttf"; sourceTree = "<group>"; };
		61F5ED2025409936002D8CED /* Chop.m4a */ = {isa = PBXFileReference; lastKnownFileType = file; path = Chop.m4a; sourceTree = "<group>"; };
		61F5ED2525409957002D8CED /* SoundEngine.swift */ = {isa = PBXFileReference; lastKnownFileType = sourcecode.swift; path = SoundEngine.swift; sourceTree = "<group>"; };
		6E6498D38FDC429BBD3ADBF3 /* Pods_Chuckle_ChuckleUITests.framework */ = {isa = PBXFileReference; explicitFileType = wrapper.framework; includeInIndex = 0; path = Pods_Chuckle_ChuckleUITests.framework; sourceTree = BUILT_PRODUCTS_DIR; };
		75F2ABE4F38AFFF2B6370AEB /* Pods_ChuckleTests.framework */ = {isa = PBXFileReference; explicitFileType = wrapper.framework; includeInIndex = 0; path = Pods_ChuckleTests.framework; sourceTree = BUILT_PRODUCTS_DIR; };
		8DA9C840FE24C4A62C251721 /* Pods_Chuckle.framework */ = {isa = PBXFileReference; explicitFileType = wrapper.framework; includeInIndex = 0; path = Pods_Chuckle.framework; sourceTree = BUILT_PRODUCTS_DIR; };
		923325835B6DCE41F51F002A /* Pods-ChuckleTests.release.xcconfig */ = {isa = PBXFileReference; includeInIndex = 1; lastKnownFileType = text.xcconfig; name = "Pods-ChuckleTests.release.xcconfig"; path = "Target Support Files/Pods-ChuckleTests/Pods-ChuckleTests.release.xcconfig"; sourceTree = "<group>"; };
		A40ACFD5E73A0B59C5E72F53 /* Pods-Chuckle.release.xcconfig */ = {isa = PBXFileReference; includeInIndex = 1; lastKnownFileType = text.xcconfig; name = "Pods-Chuckle.release.xcconfig"; path = "Target Support Files/Pods-Chuckle/Pods-Chuckle.release.xcconfig"; sourceTree = "<group>"; };
		A736BB53D75AB85046E73E54 /* Pods-ChuckleTests.debug.xcconfig */ = {isa = PBXFileReference; includeInIndex = 1; lastKnownFileType = text.xcconfig; name = "Pods-ChuckleTests.debug.xcconfig"; path = "Target Support Files/Pods-ChuckleTests/Pods-ChuckleTests.debug.xcconfig"; sourceTree = "<group>"; };
		BA70466218B3BEF9A2C66736 /* Pods-Chuckle-ChuckleUITests.debug.xcconfig */ = {isa = PBXFileReference; includeInIndex = 1; lastKnownFileType = text.xcconfig; name = "Pods-Chuckle-ChuckleUITests.debug.xcconfig"; path = "Target Support Files/Pods-Chuckle-ChuckleUITests/Pods-Chuckle-ChuckleUITests.debug.xcconfig"; sourceTree = "<group>"; };
/* End PBXFileReference section */

/* Begin PBXFrameworksBuildPhase section */
		61429081253F28B7000FD9D5 /* Frameworks */ = {
			isa = PBXFrameworksBuildPhase;
			buildActionMask = 2147483647;
			files = (
				61F5ED1B2540956A002D8CED /* HTMLString in Frameworks */,
				404E5FF44780F97225A36C33 /* Pods_Chuckle.framework in Frameworks */,
			);
			runOnlyForDeploymentPostprocessing = 0;
		};
		61429097253F28BE000FD9D5 /* Frameworks */ = {
			isa = PBXFrameworksBuildPhase;
			buildActionMask = 2147483647;
			files = (
				0A4EBE59CB2544D45B12A1B5 /* Pods_ChuckleTests.framework in Frameworks */,
			);
			runOnlyForDeploymentPostprocessing = 0;
		};
		614290A2253F28BE000FD9D5 /* Frameworks */ = {
			isa = PBXFrameworksBuildPhase;
			buildActionMask = 2147483647;
			files = (
				4852ED795C2A38D7036AF0B4 /* Pods_Chuckle_ChuckleUITests.framework in Frameworks */,
			);
			runOnlyForDeploymentPostprocessing = 0;
		};
/* End PBXFrameworksBuildPhase section */

/* Begin PBXGroup section */
		612022D425403EB900DCCE15 /* View */ = {
			isa = PBXGroup;
			children = (
				6142908D253F28B7000FD9D5 /* Main.storyboard */,
				61429092253F28BE000FD9D5 /* LaunchScreen.storyboard */,
			);
			path = View;
			sourceTree = "<group>";
		};
		612022D525403EC300DCCE15 /* Controller */ = {
			isa = PBXGroup;
			children = (
				619DB2242541947D0007DEE3 /* CustomUILabel.swift */,
				6142908B253F28B7000FD9D5 /* ViewController.swift */,
				61F5ECEC25405C80002D8CED /* JokeCollectionViewCell.swift */,
			);
			path = Controller;
			sourceTree = "<group>";
		};
		6142907B253F28B7000FD9D5 = {
			isa = PBXGroup;
			children = (
				61429086253F28B7000FD9D5 /* Chuckle */,
				6142909D253F28BE000FD9D5 /* ChuckleTests */,
				61429085253F28B7000FD9D5 /* Products */,
				61F5ED062540810F002D8CED /* Fonts */,
				61F5ED1F25409922002D8CED /* Sounds */,
				CC25344E2164360FE3DCE7CC /* Pods */,
				C7DAE8C3D33B71F3A6FAAC58 /* Frameworks */,
			);
			sourceTree = "<group>";
		};
		61429085253F28B7000FD9D5 /* Products */ = {
			isa = PBXGroup;
			children = (
				61429084253F28B7000FD9D5 /* Chuckle.app */,
				6142909A253F28BE000FD9D5 /* ChuckleTests.xctest */,
				614290A5253F28BE000FD9D5 /* ChuckleUITests.xctest */,
			);
			name = Products;
			sourceTree = "<group>";
		};
		61429086253F28B7000FD9D5 /* Chuckle */ = {
			isa = PBXGroup;
			children = (
				61429087253F28B7000FD9D5 /* AppDelegate.swift */,
				61429089253F28B7000FD9D5 /* SceneDelegate.swift */,
				61429090253F28BE000FD9D5 /* Assets.xcassets */,
				614290C9253F29B1000FD9D5 /* Model */,
				61429109253F3609000FD9D5 /* ViewModel */,
				612022D425403EB900DCCE15 /* View */,
				612022D525403EC300DCCE15 /* Controller */,
				61429095253F28BE000FD9D5 /* Info.plist */,
			);
			path = Chuckle;
			sourceTree = "<group>";
		};
		6142909D253F28BE000FD9D5 /* ChuckleTests */ = {
			isa = PBXGroup;
			children = (
				6142909E253F28BE000FD9D5 /* APIEngineTests.swift */,
				619DB21C254187210007DEE3 /* JSONParserTests.swift */,
				614290A0253F28BE000FD9D5 /* Info.plist */,
			);
			path = ChuckleTests;
			sourceTree = "<group>";
		};
		614290C9253F29B1000FD9D5 /* Model */ = {
			isa = PBXGroup;
			children = (
				614290CA253F29E3000FD9D5 /* APIEngine.swift */,
				614290E6253F2F85000FD9D5 /* JSONParser.swift */,
				61F5ED2525409957002D8CED /* SoundEngine.swift */,
			);
			path = Model;
			sourceTree = "<group>";
		};
		61429109253F3609000FD9D5 /* ViewModel */ = {
			isa = PBXGroup;
			children = (
				6142910A253F3619000FD9D5 /* ViewModel.swift */,
			);
			path = ViewModel;
			sourceTree = "<group>";
		};
		61F5ED062540810F002D8CED /* Fonts */ = {
			isa = PBXGroup;
			children = (
				61F5ED1425408266002D8CED /* PermanentMarker-Regular.ttf */,
				61F5ED0725408131002D8CED /* Bangers-Regular.ttf */,
			);
			path = Fonts;
			sourceTree = "<group>";
		};
		61F5ED1F25409922002D8CED /* Sounds */ = {
			isa = PBXGroup;
			children = (
				61F5ED2025409936002D8CED /* Chop.m4a */,
			);
			path = Sounds;
			sourceTree = "<group>";
		};
		C7DAE8C3D33B71F3A6FAAC58 /* Frameworks */ = {
			isa = PBXGroup;
			children = (
				8DA9C840FE24C4A62C251721 /* Pods_Chuckle.framework */,
				6E6498D38FDC429BBD3ADBF3 /* Pods_Chuckle_ChuckleUITests.framework */,
				75F2ABE4F38AFFF2B6370AEB /* Pods_ChuckleTests.framework */,
			);
			name = Frameworks;
			sourceTree = "<group>";
		};
		CC25344E2164360FE3DCE7CC /* Pods */ = {
			isa = PBXGroup;
			children = (
				20301F315ECAE02F9C0AE571 /* Pods-Chuckle.debug.xcconfig */,
				A40ACFD5E73A0B59C5E72F53 /* Pods-Chuckle.release.xcconfig */,
				BA70466218B3BEF9A2C66736 /* Pods-Chuckle-ChuckleUITests.debug.xcconfig */,
				35294F2B132002F28A7D8EBC /* Pods-Chuckle-ChuckleUITests.release.xcconfig */,
				A736BB53D75AB85046E73E54 /* Pods-ChuckleTests.debug.xcconfig */,
				923325835B6DCE41F51F002A /* Pods-ChuckleTests.release.xcconfig */,
			);
			path = Pods;
			sourceTree = "<group>";
		};
/* End PBXGroup section */

/* Begin PBXNativeTarget section */
		61429083253F28B7000FD9D5 /* Chuckle */ = {
			isa = PBXNativeTarget;
			buildConfigurationList = 614290AE253F28BE000FD9D5 /* Build configuration list for PBXNativeTarget "Chuckle" */;
			buildPhases = (
				5F5C4C4431247B7B3E949415 /* [CP] Check Pods Manifest.lock */,
				61429080253F28B7000FD9D5 /* Sources */,
				61429081253F28B7000FD9D5 /* Frameworks */,
				61429082253F28B7000FD9D5 /* Resources */,
				4132B2F646F093F4128444B2 /* [CP] Embed Pods Frameworks */,
			);
			buildRules = (
			);
			dependencies = (
			);
			name = Chuckle;
			packageProductDependencies = (
				61F5ED1A2540956A002D8CED /* HTMLString */,
			);
			productName = Chuckle;
			productReference = 61429084253F28B7000FD9D5 /* Chuckle.app */;
			productType = "com.apple.product-type.application";
		};
		61429099253F28BE000FD9D5 /* ChuckleTests */ = {
			isa = PBXNativeTarget;
			buildConfigurationList = 614290B1253F28BE000FD9D5 /* Build configuration list for PBXNativeTarget "ChuckleTests" */;
			buildPhases = (
				E3A455BEBB51F0E32CDD0829 /* [CP] Check Pods Manifest.lock */,
				61429096253F28BE000FD9D5 /* Sources */,
				61429097253F28BE000FD9D5 /* Frameworks */,
				61429098253F28BE000FD9D5 /* Resources */,
			);
			buildRules = (
			);
			dependencies = (
				6142909C253F28BE000FD9D5 /* PBXTargetDependency */,
			);
			name = ChuckleTests;
			productName = ChuckleTests;
			productReference = 6142909A253F28BE000FD9D5 /* ChuckleTests.xctest */;
			productType = "com.apple.product-type.bundle.unit-test";
		};
		614290A4253F28BE000FD9D5 /* ChuckleUITests */ = {
			isa = PBXNativeTarget;
			buildConfigurationList = 614290B4253F28BE000FD9D5 /* Build configuration list for PBXNativeTarget "ChuckleUITests" */;
			buildPhases = (
				1E0A1C9572C6578905D2C9AB /* [CP] Check Pods Manifest.lock */,
				614290A1253F28BE000FD9D5 /* Sources */,
				614290A2253F28BE000FD9D5 /* Frameworks */,
				614290A3253F28BE000FD9D5 /* Resources */,
				154678AD1D5B2DEAE79AC25E /* [CP] Embed Pods Frameworks */,
			);
			buildRules = (
			);
			dependencies = (
				614290A7253F28BE000FD9D5 /* PBXTargetDependency */,
			);
			name = ChuckleUITests;
			productName = ChuckleUITests;
			productReference = 614290A5253F28BE000FD9D5 /* ChuckleUITests.xctest */;
			productType = "com.apple.product-type.bundle.ui-testing";
		};
/* End PBXNativeTarget section */

/* Begin PBXProject section */
		6142907C253F28B7000FD9D5 /* Project object */ = {
			isa = PBXProject;
			attributes = {
				LastSwiftUpdateCheck = 1200;
				LastUpgradeCheck = 1200;
				TargetAttributes = {
					61429083253F28B7000FD9D5 = {
						CreatedOnToolsVersion = 12.0.1;
					};
					61429099253F28BE000FD9D5 = {
						CreatedOnToolsVersion = 12.0.1;
						TestTargetID = 61429083253F28B7000FD9D5;
					};
					614290A4253F28BE000FD9D5 = {
						CreatedOnToolsVersion = 12.0.1;
						TestTargetID = 61429083253F28B7000FD9D5;
					};
				};
			};
			buildConfigurationList = 6142907F253F28B7000FD9D5 /* Build configuration list for PBXProject "Chuckle" */;
			compatibilityVersion = "Xcode 9.3";
			developmentRegion = en;
			hasScannedForEncodings = 0;
			knownRegions = (
				en,
				Base,
			);
			mainGroup = 6142907B253F28B7000FD9D5;
			packageReferences = (
				61F5ED192540956A002D8CED /* XCRemoteSwiftPackageReference "HTMLString" */,
			);
			productRefGroup = 61429085253F28B7000FD9D5 /* Products */;
			projectDirPath = "";
			projectRoot = "";
			targets = (
				61429083253F28B7000FD9D5 /* Chuckle */,
				61429099253F28BE000FD9D5 /* ChuckleTests */,
				614290A4253F28BE000FD9D5 /* ChuckleUITests */,
			);
		};
/* End PBXProject section */

/* Begin PBXResourcesBuildPhase section */
		61429082253F28B7000FD9D5 /* Resources */ = {
			isa = PBXResourcesBuildPhase;
			buildActionMask = 2147483647;
			files = (
				61F5ED0825408131002D8CED /* Bangers-Regular.ttf in Resources */,
				61429094253F28BE000FD9D5 /* LaunchScreen.storyboard in Resources */,
				61F5ED2125409936002D8CED /* Chop.m4a in Resources */,
				61429091253F28BE000FD9D5 /* Assets.xcassets in Resources */,
				61F5ED1525408266002D8CED /* PermanentMarker-Regular.ttf in Resources */,
				6142908F253F28B7000FD9D5 /* Main.storyboard in Resources */,
			);
			runOnlyForDeploymentPostprocessing = 0;
		};
		61429098253F28BE000FD9D5 /* Resources */ = {
			isa = PBXResourcesBuildPhase;
			buildActionMask = 2147483647;
			files = (
			);
			runOnlyForDeploymentPostprocessing = 0;
		};
		614290A3253F28BE000FD9D5 /* Resources */ = {
			isa = PBXResourcesBuildPhase;
			buildActionMask = 2147483647;
			files = (
			);
			runOnlyForDeploymentPostprocessing = 0;
		};
/* End PBXResourcesBuildPhase section */

/* Begin PBXShellScriptBuildPhase section */
		154678AD1D5B2DEAE79AC25E /* [CP] Embed Pods Frameworks */ = {
			isa = PBXShellScriptBuildPhase;
			buildActionMask = 2147483647;
			files = (
			);
			inputFileListPaths = (
				"${PODS_ROOT}/Target Support Files/Pods-Chuckle-ChuckleUITests/Pods-Chuckle-ChuckleUITests-frameworks-${CONFIGURATION}-input-files.xcfilelist",
			);
			name = "[CP] Embed Pods Frameworks";
			outputFileListPaths = (
				"${PODS_ROOT}/Target Support Files/Pods-Chuckle-ChuckleUITests/Pods-Chuckle-ChuckleUITests-frameworks-${CONFIGURATION}-output-files.xcfilelist",
			);
			runOnlyForDeploymentPostprocessing = 0;
			shellPath = /bin/sh;
			shellScript = "\"${PODS_ROOT}/Target Support Files/Pods-Chuckle-ChuckleUITests/Pods-Chuckle-ChuckleUITests-frameworks.sh\"\n";
			showEnvVarsInLog = 0;
		};
		1E0A1C9572C6578905D2C9AB /* [CP] Check Pods Manifest.lock */ = {
			isa = PBXShellScriptBuildPhase;
			buildActionMask = 2147483647;
			files = (
			);
			inputFileListPaths = (
			);
			inputPaths = (
				"${PODS_PODFILE_DIR_PATH}/Podfile.lock",
				"${PODS_ROOT}/Manifest.lock",
			);
			name = "[CP] Check Pods Manifest.lock";
			outputFileListPaths = (
			);
			outputPaths = (
				"$(DERIVED_FILE_DIR)/Pods-Chuckle-ChuckleUITests-checkManifestLockResult.txt",
			);
			runOnlyForDeploymentPostprocessing = 0;
			shellPath = /bin/sh;
			shellScript = "diff \"${PODS_PODFILE_DIR_PATH}/Podfile.lock\" \"${PODS_ROOT}/Manifest.lock\" > /dev/null\nif [ $? != 0 ] ; then\n    # print error to STDERR\n    echo \"error: The sandbox is not in sync with the Podfile.lock. Run 'pod install' or update your CocoaPods installation.\" >&2\n    exit 1\nfi\n# This output is used by Xcode 'outputs' to avoid re-running this script phase.\necho \"SUCCESS\" > \"${SCRIPT_OUTPUT_FILE_0}\"\n";
			showEnvVarsInLog = 0;
		};
		4132B2F646F093F4128444B2 /* [CP] Embed Pods Frameworks */ = {
			isa = PBXShellScriptBuildPhase;
			buildActionMask = 2147483647;
			files = (
			);
			inputFileListPaths = (
				"${PODS_ROOT}/Target Support Files/Pods-Chuckle/Pods-Chuckle-frameworks-${CONFIGURATION}-input-files.xcfilelist",
			);
			name = "[CP] Embed Pods Frameworks";
			outputFileListPaths = (
				"${PODS_ROOT}/Target Support Files/Pods-Chuckle/Pods-Chuckle-frameworks-${CONFIGURATION}-output-files.xcfilelist",
			);
			runOnlyForDeploymentPostprocessing = 0;
			shellPath = /bin/sh;
			shellScript = "\"${PODS_ROOT}/Target Support Files/Pods-Chuckle/Pods-Chuckle-frameworks.sh\"\n";
			showEnvVarsInLog = 0;
		};
		5F5C4C4431247B7B3E949415 /* [CP] Check Pods Manifest.lock */ = {
			isa = PBXShellScriptBuildPhase;
			buildActionMask = 2147483647;
			files = (
			);
			inputFileListPaths = (
			);
			inputPaths = (
				"${PODS_PODFILE_DIR_PATH}/Podfile.lock",
				"${PODS_ROOT}/Manifest.lock",
			);
			name = "[CP] Check Pods Manifest.lock";
			outputFileListPaths = (
			);
			outputPaths = (
				"$(DERIVED_FILE_DIR)/Pods-Chuckle-checkManifestLockResult.txt",
			);
			runOnlyForDeploymentPostprocessing = 0;
			shellPath = /bin/sh;
			shellScript = "diff \"${PODS_PODFILE_DIR_PATH}/Podfile.lock\" \"${PODS_ROOT}/Manifest.lock\" > /dev/null\nif [ $? != 0 ] ; then\n    # print error to STDERR\n    echo \"error: The sandbox is not in sync with the Podfile.lock. Run 'pod install' or update your CocoaPods installation.\" >&2\n    exit 1\nfi\n# This output is used by Xcode 'outputs' to avoid re-running this script phase.\necho \"SUCCESS\" > \"${SCRIPT_OUTPUT_FILE_0}\"\n";
			showEnvVarsInLog = 0;
		};
		E3A455BEBB51F0E32CDD0829 /* [CP] Check Pods Manifest.lock */ = {
			isa = PBXShellScriptBuildPhase;
			buildActionMask = 2147483647;
			files = (
			);
			inputFileListPaths = (
			);
			inputPaths = (
				"${PODS_PODFILE_DIR_PATH}/Podfile.lock",
				"${PODS_ROOT}/Manifest.lock",
			);
			name = "[CP] Check Pods Manifest.lock";
			outputFileListPaths = (
			);
			outputPaths = (
				"$(DERIVED_FILE_DIR)/Pods-ChuckleTests-checkManifestLockResult.txt",
			);
			runOnlyForDeploymentPostprocessing = 0;
			shellPath = /bin/sh;
			shellScript = "diff \"${PODS_PODFILE_DIR_PATH}/Podfile.lock\" \"${PODS_ROOT}/Manifest.lock\" > /dev/null\nif [ $? != 0 ] ; then\n    # print error to STDERR\n    echo \"error: The sandbox is not in sync with the Podfile.lock. Run 'pod install' or update your CocoaPods installation.\" >&2\n    exit 1\nfi\n# This output is used by Xcode 'outputs' to avoid re-running this script phase.\necho \"SUCCESS\" > \"${SCRIPT_OUTPUT_FILE_0}\"\n";
			showEnvVarsInLog = 0;
		};
/* End PBXShellScriptBuildPhase section */

/* Begin PBXSourcesBuildPhase section */
		61429080253F28B7000FD9D5 /* Sources */ = {
			isa = PBXSourcesBuildPhase;
			buildActionMask = 2147483647;
			files = (
				6142908C253F28B7000FD9D5 /* ViewController.swift in Sources */,
				614290E7253F2F85000FD9D5 /* JSONParser.swift in Sources */,
				61429088253F28B7000FD9D5 /* AppDelegate.swift in Sources */,
				61F5ED2625409957002D8CED /* SoundEngine.swift in Sources */,
				619DB2252541947D0007DEE3 /* CustomUILabel.swift in Sources */,
				614290CB253F29E3000FD9D5 /* APIEngine.swift in Sources */,
				6142910B253F3619000FD9D5 /* ViewModel.swift in Sources */,
				61F5ED02254061E0002D8CED /* JokeCollectionViewCell.swift in Sources */,
				6142908A253F28B7000FD9D5 /* SceneDelegate.swift in Sources */,
			);
			runOnlyForDeploymentPostprocessing = 0;
		};
		61429096253F28BE000FD9D5 /* Sources */ = {
			isa = PBXSourcesBuildPhase;
			buildActionMask = 2147483647;
			files = (
				619DB21D254187210007DEE3 /* JSONParserTests.swift in Sources */,
				6142909F253F28BE000FD9D5 /* APIEngineTests.swift in Sources */,
			);
			runOnlyForDeploymentPostprocessing = 0;
		};
		614290A1253F28BE000FD9D5 /* Sources */ = {
			isa = PBXSourcesBuildPhase;
			buildActionMask = 2147483647;
			files = (
			);
			runOnlyForDeploymentPostprocessing = 0;
		};
/* End PBXSourcesBuildPhase section */

/* Begin PBXTargetDependency section */
		6142909C253F28BE000FD9D5 /* PBXTargetDependency */ = {
			isa = PBXTargetDependency;
			target = 61429083253F28B7000FD9D5 /* Chuckle */;
			targetProxy = 6142909B253F28BE000FD9D5 /* PBXContainerItemProxy */;
		};
		614290A7253F28BE000FD9D5 /* PBXTargetDependency */ = {
			isa = PBXTargetDependency;
			target = 61429083253F28B7000FD9D5 /* Chuckle */;
			targetProxy = 614290A6253F28BE000FD9D5 /* PBXContainerItemProxy */;
		};
/* End PBXTargetDependency section */

/* Begin PBXVariantGroup section */
		6142908D253F28B7000FD9D5 /* Main.storyboard */ = {
			isa = PBXVariantGroup;
			children = (
				6142908E253F28B7000FD9D5 /* Base */,
			);
			name = Main.storyboard;
			sourceTree = "<group>";
		};
		61429092253F28BE000FD9D5 /* LaunchScreen.storyboard */ = {
			isa = PBXVariantGroup;
			children = (
				61429093253F28BE000FD9D5 /* Base */,
			);
			name = LaunchScreen.storyboard;
			sourceTree = "<group>";
		};
/* End PBXVariantGroup section */

/* Begin XCBuildConfiguration section */
		614290AC253F28BE000FD9D5 /* Debug */ = {
			isa = XCBuildConfiguration;
			buildSettings = {
				ALWAYS_EMBED_SWIFT_STANDARD_LIBRARIES = "$(inherited)";
				ALWAYS_SEARCH_USER_PATHS = NO;
				CLANG_ANALYZER_NONNULL = YES;
				CLANG_ANALYZER_NUMBER_OBJECT_CONVERSION = YES_AGGRESSIVE;
				CLANG_CXX_LANGUAGE_STANDARD = "gnu++14";
				CLANG_CXX_LIBRARY = "libc++";
				CLANG_ENABLE_MODULES = YES;
				CLANG_ENABLE_OBJC_ARC = YES;
				CLANG_ENABLE_OBJC_WEAK = YES;
				CLANG_WARN_BLOCK_CAPTURE_AUTORELEASING = YES;
				CLANG_WARN_BOOL_CONVERSION = YES;
				CLANG_WARN_COMMA = YES;
				CLANG_WARN_CONSTANT_CONVERSION = YES;
				CLANG_WARN_DEPRECATED_OBJC_IMPLEMENTATIONS = YES;
				CLANG_WARN_DIRECT_OBJC_ISA_USAGE = YES_ERROR;
				CLANG_WARN_DOCUMENTATION_COMMENTS = YES;
				CLANG_WARN_EMPTY_BODY = YES;
				CLANG_WARN_ENUM_CONVERSION = YES;
				CLANG_WARN_INFINITE_RECURSION = YES;
				CLANG_WARN_INT_CONVERSION = YES;
				CLANG_WARN_NON_LITERAL_NULL_CONVERSION = YES;
				CLANG_WARN_OBJC_IMPLICIT_RETAIN_SELF = YES;
				CLANG_WARN_OBJC_LITERAL_CONVERSION = YES;
				CLANG_WARN_OBJC_ROOT_CLASS = YES_ERROR;
				CLANG_WARN_QUOTED_INCLUDE_IN_FRAMEWORK_HEADER = YES;
				CLANG_WARN_RANGE_LOOP_ANALYSIS = YES;
				CLANG_WARN_STRICT_PROTOTYPES = YES;
				CLANG_WARN_SUSPICIOUS_MOVE = YES;
				CLANG_WARN_UNGUARDED_AVAILABILITY = YES_AGGRESSIVE;
				CLANG_WARN_UNREACHABLE_CODE = YES;
				CLANG_WARN__DUPLICATE_METHOD_MATCH = YES;
				COPY_PHASE_STRIP = NO;
				DEBUG_INFORMATION_FORMAT = dwarf;
				ENABLE_STRICT_OBJC_MSGSEND = YES;
				ENABLE_TESTABILITY = YES;
				GCC_C_LANGUAGE_STANDARD = gnu11;
				GCC_DYNAMIC_NO_PIC = NO;
				GCC_NO_COMMON_BLOCKS = YES;
				GCC_OPTIMIZATION_LEVEL = 0;
				GCC_PREPROCESSOR_DEFINITIONS = (
					"DEBUG=1",
					"$(inherited)",
				);
				GCC_WARN_64_TO_32_BIT_CONVERSION = YES;
				GCC_WARN_ABOUT_RETURN_TYPE = YES_ERROR;
				GCC_WARN_UNDECLARED_SELECTOR = YES;
				GCC_WARN_UNINITIALIZED_AUTOS = YES_AGGRESSIVE;
				GCC_WARN_UNUSED_FUNCTION = YES;
				GCC_WARN_UNUSED_VARIABLE = YES;
				IPHONEOS_DEPLOYMENT_TARGET = 14.0;
				MACOSX_DEPLOYMENT_TARGET = 10.15;
				MTL_ENABLE_DEBUG_INFO = INCLUDE_SOURCE;
				MTL_FAST_MATH = YES;
				ONLY_ACTIVE_ARCH = YES;
				SDKROOT = iphoneos;
				SWIFT_ACTIVE_COMPILATION_CONDITIONS = DEBUG;
				SWIFT_OPTIMIZATION_LEVEL = "-Onone";
			};
			name = Debug;
		};
		614290AD253F28BE000FD9D5 /* Release */ = {
			isa = XCBuildConfiguration;
			buildSettings = {
				ALWAYS_EMBED_SWIFT_STANDARD_LIBRARIES = "$(inherited)";
				ALWAYS_SEARCH_USER_PATHS = NO;
				CLANG_ANALYZER_NONNULL = YES;
				CLANG_ANALYZER_NUMBER_OBJECT_CONVERSION = YES_AGGRESSIVE;
				CLANG_CXX_LANGUAGE_STANDARD = "gnu++14";
				CLANG_CXX_LIBRARY = "libc++";
				CLANG_ENABLE_MODULES = YES;
				CLANG_ENABLE_OBJC_ARC = YES;
				CLANG_ENABLE_OBJC_WEAK = YES;
				CLANG_WARN_BLOCK_CAPTURE_AUTORELEASING = YES;
				CLANG_WARN_BOOL_CONVERSION = YES;
				CLANG_WARN_COMMA = YES;
				CLANG_WARN_CONSTANT_CONVERSION = YES;
				CLANG_WARN_DEPRECATED_OBJC_IMPLEMENTATIONS = YES;
				CLANG_WARN_DIRECT_OBJC_ISA_USAGE = YES_ERROR;
				CLANG_WARN_DOCUMENTATION_COMMENTS = YES;
				CLANG_WARN_EMPTY_BODY = YES;
				CLANG_WARN_ENUM_CONVERSION = YES;
				CLANG_WARN_INFINITE_RECURSION = YES;
				CLANG_WARN_INT_CONVERSION = YES;
				CLANG_WARN_NON_LITERAL_NULL_CONVERSION = YES;
				CLANG_WARN_OBJC_IMPLICIT_RETAIN_SELF = YES;
				CLANG_WARN_OBJC_LITERAL_CONVERSION = YES;
				CLANG_WARN_OBJC_ROOT_CLASS = YES_ERROR;
				CLANG_WARN_QUOTED_INCLUDE_IN_FRAMEWORK_HEADER = YES;
				CLANG_WARN_RANGE_LOOP_ANALYSIS = YES;
				CLANG_WARN_STRICT_PROTOTYPES = YES;
				CLANG_WARN_SUSPICIOUS_MOVE = YES;
				CLANG_WARN_UNGUARDED_AVAILABILITY = YES_AGGRESSIVE;
				CLANG_WARN_UNREACHABLE_CODE = YES;
				CLANG_WARN__DUPLICATE_METHOD_MATCH = YES;
				COPY_PHASE_STRIP = NO;
				DEBUG_INFORMATION_FORMAT = "dwarf-with-dsym";
				ENABLE_NS_ASSERTIONS = NO;
				ENABLE_STRICT_OBJC_MSGSEND = YES;
				GCC_C_LANGUAGE_STANDARD = gnu11;
				GCC_NO_COMMON_BLOCKS = YES;
				GCC_WARN_64_TO_32_BIT_CONVERSION = YES;
				GCC_WARN_ABOUT_RETURN_TYPE = YES_ERROR;
				GCC_WARN_UNDECLARED_SELECTOR = YES;
				GCC_WARN_UNINITIALIZED_AUTOS = YES_AGGRESSIVE;
				GCC_WARN_UNUSED_FUNCTION = YES;
				GCC_WARN_UNUSED_VARIABLE = YES;
				IPHONEOS_DEPLOYMENT_TARGET = 14.0;
				MACOSX_DEPLOYMENT_TARGET = 10.15;
				MTL_ENABLE_DEBUG_INFO = NO;
				MTL_FAST_MATH = YES;
				SDKROOT = iphoneos;
				SWIFT_COMPILATION_MODE = wholemodule;
				SWIFT_OPTIMIZATION_LEVEL = "-O";
				VALIDATE_PRODUCT = YES;
			};
			name = Release;
		};
		614290AF253F28BE000FD9D5 /* Debug */ = {
			isa = XCBuildConfiguration;
			baseConfigurationReference = 20301F315ECAE02F9C0AE571 /* Pods-Chuckle.debug.xcconfig */;
			buildSettings = {
				ASSETCATALOG_COMPILER_APPICON_NAME = AppIcon;
				ASSETCATALOG_COMPILER_GLOBAL_ACCENT_COLOR_NAME = Colour2;
				CODE_SIGN_STYLE = Automatic;
				DEVELOPMENT_TEAM = PPKWWF5N6S;
				INFOPLIST_FILE = Chuckle/Info.plist;
				IPHONEOS_DEPLOYMENT_TARGET = 14.0;
				LD_RUNPATH_SEARCH_PATHS = (
					"$(inherited)",
					"@executable_path/Frameworks",
				);
				PRODUCT_BUNDLE_IDENTIFIER = com.murraygoodwin.Chuckle;
				PRODUCT_NAME = "$(TARGET_NAME)";
				SWIFT_VERSION = 5.0;
				TARGETED_DEVICE_FAMILY = 1;
			};
			name = Debug;
		};
		614290B0253F28BE000FD9D5 /* Release */ = {
			isa = XCBuildConfiguration;
			baseConfigurationReference = A40ACFD5E73A0B59C5E72F53 /* Pods-Chuckle.release.xcconfig */;
			buildSettings = {
				ASSETCATALOG_COMPILER_APPICON_NAME = AppIcon;
				ASSETCATALOG_COMPILER_GLOBAL_ACCENT_COLOR_NAME = Colour2;
				CODE_SIGN_STYLE = Automatic;
				DEVELOPMENT_TEAM = PPKWWF5N6S;
				INFOPLIST_FILE = Chuckle/Info.plist;
				IPHONEOS_DEPLOYMENT_TARGET = 14.0;
				LD_RUNPATH_SEARCH_PATHS = (
					"$(inherited)",
					"@executable_path/Frameworks",
				);
				PRODUCT_BUNDLE_IDENTIFIER = com.murraygoodwin.Chuckle;
				PRODUCT_NAME = "$(TARGET_NAME)";
				SWIFT_VERSION = 5.0;
				TARGETED_DEVICE_FAMILY = 1;
			};
			name = Release;
		};
		614290B2253F28BE000FD9D5 /* Debug */ = {
			isa = XCBuildConfiguration;
			baseConfigurationReference = A736BB53D75AB85046E73E54 /* Pods-ChuckleTests.debug.xcconfig */;
			buildSettings = {
				ALWAYS_EMBED_SWIFT_STANDARD_LIBRARIES = "$(inherited)";
				BUNDLE_LOADER = "$(TEST_HOST)";
				CODE_SIGN_STYLE = Automatic;
				DEVELOPMENT_TEAM = PPKWWF5N6S;
				INFOPLIST_FILE = ChuckleTests/Info.plist;
				IPHONEOS_DEPLOYMENT_TARGET = 14.0;
				LD_RUNPATH_SEARCH_PATHS = (
					"$(inherited)",
					"@executable_path/Frameworks",
					"@loader_path/Frameworks",
				);
				PRODUCT_BUNDLE_IDENTIFIER = com.murraygoodwin.ChuckleTests;
				PRODUCT_NAME = "$(TARGET_NAME)";
				SWIFT_VERSION = 5.0;
				TARGETED_DEVICE_FAMILY = "1,2";
				TEST_HOST = "$(BUILT_PRODUCTS_DIR)/Chuckle.app/Chuckle";
			};
			name = Debug;
		};
		614290B3253F28BE000FD9D5 /* Release */ = {
			isa = XCBuildConfiguration;
			baseConfigurationReference = 923325835B6DCE41F51F002A /* Pods-ChuckleTests.release.xcconfig */;
			buildSettings = {
				ALWAYS_EMBED_SWIFT_STANDARD_LIBRARIES = "$(inherited)";
				BUNDLE_LOADER = "$(TEST_HOST)";
				CODE_SIGN_STYLE = Automatic;
				DEVELOPMENT_TEAM = PPKWWF5N6S;
				INFOPLIST_FILE = ChuckleTests/Info.plist;
				IPHONEOS_DEPLOYMENT_TARGET = 14.0;
				LD_RUNPATH_SEARCH_PATHS = (
					"$(inherited)",
					"@executable_path/Frameworks",
					"@loader_path/Frameworks",
				);
				PRODUCT_BUNDLE_IDENTIFIER = com.murraygoodwin.ChuckleTests;
				PRODUCT_NAME = "$(TARGET_NAME)";
				SWIFT_VERSION = 5.0;
				TARGETED_DEVICE_FAMILY = "1,2";
				TEST_HOST = "$(BUILT_PRODUCTS_DIR)/Chuckle.app/Chuckle";
			};
			name = Release;
		};
		614290B5253F28BE000FD9D5 /* Debug */ = {
			isa = XCBuildConfiguration;
			baseConfigurationReference = BA70466218B3BEF9A2C66736 /* Pods-Chuckle-ChuckleUITests.debug.xcconfig */;
			buildSettings = {
				ALWAYS_EMBED_SWIFT_STANDARD_LIBRARIES = "$(inherited)";
				CODE_SIGN_STYLE = Automatic;
				DEVELOPMENT_TEAM = PPKWWF5N6S;
				INFOPLIST_FILE = ChuckleUITests/Info.plist;
				LD_RUNPATH_SEARCH_PATHS = (
					"$(inherited)",
					"@executable_path/Frameworks",
					"@loader_path/Frameworks",
				);
				PRODUCT_BUNDLE_IDENTIFIER = com.murraygoodwin.ChuckleUITests;
				PRODUCT_NAME = "$(TARGET_NAME)";
				SWIFT_VERSION = 5.0;
				TARGETED_DEVICE_FAMILY = "1,2";
				TEST_TARGET_NAME = Chuckle;
			};
			name = Debug;
		};
		614290B6253F28BE000FD9D5 /* Release */ = {
			isa = XCBuildConfiguration;
			baseConfigurationReference = 35294F2B132002F28A7D8EBC /* Pods-Chuckle-ChuckleUITests.release.xcconfig */;
			buildSettings = {
				ALWAYS_EMBED_SWIFT_STANDARD_LIBRARIES = "$(inherited)";
				CODE_SIGN_STYLE = Automatic;
				DEVELOPMENT_TEAM = PPKWWF5N6S;
				INFOPLIST_FILE = ChuckleUITests/Info.plist;
				LD_RUNPATH_SEARCH_PATHS = (
					"$(inherited)",
					"@executable_path/Frameworks",
					"@loader_path/Frameworks",
				);
				PRODUCT_BUNDLE_IDENTIFIER = com.murraygoodwin.ChuckleUITests;
				PRODUCT_NAME = "$(TARGET_NAME)";
				SWIFT_VERSION = 5.0;
				TARGETED_DEVICE_FAMILY = "1,2";
				TEST_TARGET_NAME = Chuckle;
			};
			name = Release;
		};
/* End XCBuildConfiguration section */

/* Begin XCConfigurationList section */
		6142907F253F28B7000FD9D5 /* Build configuration list for PBXProject "Chuckle" */ = {
			isa = XCConfigurationList;
			buildConfigurations = (
				614290AC253F28BE000FD9D5 /* Debug */,
				614290AD253F28BE000FD9D5 /* Release */,
			);
			defaultConfigurationIsVisible = 0;
			defaultConfigurationName = Release;
		};
		614290AE253F28BE000FD9D5 /* Build configuration list for PBXNativeTarget "Chuckle" */ = {
			isa = XCConfigurationList;
			buildConfigurations = (
				614290AF253F28BE000FD9D5 /* Debug */,
				614290B0253F28BE000FD9D5 /* Release */,
			);
			defaultConfigurationIsVisible = 0;
			defaultConfigurationName = Release;
		};
		614290B1253F28BE000FD9D5 /* Build configuration list for PBXNativeTarget "ChuckleTests" */ = {
			isa = XCConfigurationList;
			buildConfigurations = (
				614290B2253F28BE000FD9D5 /* Debug */,
				614290B3253F28BE000FD9D5 /* Release */,
			);
			defaultConfigurationIsVisible = 0;
			defaultConfigurationName = Release;
		};
		614290B4253F28BE000FD9D5 /* Build configuration list for PBXNativeTarget "ChuckleUITests" */ = {
			isa = XCConfigurationList;
			buildConfigurations = (
				614290B5253F28BE000FD9D5 /* Debug */,
				614290B6253F28BE000FD9D5 /* Release */,
			);
			defaultConfigurationIsVisible = 0;
			defaultConfigurationName = Release;
		};
/* End XCConfigurationList section */

/* Begin XCRemoteSwiftPackageReference section */
		61F5ED192540956A002D8CED /* XCRemoteSwiftPackageReference "HTMLString" */ = {
			isa = XCRemoteSwiftPackageReference;
			repositoryURL = "https://github.com/alexaubry/HTMLString";
			requirement = {
				kind = upToNextMajorVersion;
				minimumVersion = 6.0.1;
			};
		};
/* End XCRemoteSwiftPackageReference section */

/* Begin XCSwiftPackageProductDependency section */
		61F5ED1A2540956A002D8CED /* HTMLString */ = {
			isa = XCSwiftPackageProductDependency;
			package = 61F5ED192540956A002D8CED /* XCRemoteSwiftPackageReference "HTMLString" */;
			productName = HTMLString;
		};
/* End XCSwiftPackageProductDependency section */
	};
	rootObject = 6142907C253F28B7000FD9D5 /* Project object */;
}
